
Microsoft Visual Studio Solution File, Format Version 12.00
# Visual Studio 15
VisualStudioVersion = 15.0.28010.2036
MinimumVisualStudioVersion = 10.0.40219.1
Project("{FAE04EC0-301F-11D3-BF4B-00C04F79EFBC}") = "CanvasProjectD", "CanvasProjectD\CanvasProjectD.csproj", "{F08A79CA-636F-4208-B4A4-D538FFC9C916}"
EndProject
Project("{FAE04EC0-301F-11D3-BF4B-00C04F79EFBC}") = "CanvasPlotter", "CanvasPlotter\CanvasPlotter.csproj", "{8A587571-C84A-40B9-AFA1-638C42A57BEC}"
EndProject
Global
	GlobalSection(SolutionConfigurationPlatforms) = preSolution
		Debug|Any CPU = Debug|Any CPU
		Release|Any CPU = Release|Any CPU
	EndGlobalSection
	GlobalSection(ProjectConfigurationPlatforms) = postSolution
		{F08A79CA-636F-4208-B4A4-D538FFC9C916}.Debug|Any CPU.ActiveCfg = Debug|Any CPU
		{F08A79CA-636F-4208-B4A4-D538FFC9C916}.Debug|Any CPU.Build.0 = Debug|Any CPU
		{F08A79CA-636F-4208-B4A4-D538FFC9C916}.Release|Any CPU.ActiveCfg = Release|Any CPU
		{F08A79CA-636F-4208-B4A4-D538FFC9C916}.Release|Any CPU.Build.0 = Release|Any CPU
		{8A587571-C84A-40B9-AFA1-638C42A57BEC}.Debug|Any CPU.ActiveCfg = Debug|Any CPU
		{8A587571-C84A-40B9-AFA1-638C42A57BEC}.Debug|Any CPU.Build.0 = Debug|Any CPU
		{8A587571-C84A-40B9-AFA1-638C42A57BEC}.Release|Any CPU.ActiveCfg = Release|Any CPU
		{8A587571-C84A-40B9-AFA1-638C42A57BEC}.Release|Any CPU.Build.0 = Release|Any CPU
	EndGlobalSection
	GlobalSection(SolutionProperties) = preSolution
		HideSolutionNode = FALSE
	EndGlobalSection
	GlobalSection(ExtensibilityGlobals) = postSolution
		SolutionGuid = {44FCC39A-BE20-49DF-A065-9B6807B12562}
	EndGlobalSection
EndGlobal
